
Microsoft Visual Studio Solution File, Format Version 12.00
# Visual Studio Version 17
VisualStudioVersion = 17.5.33530.505
MinimumVisualStudioVersion = 10.0.40219.1
Project("{F184B08F-C81C-45F6-A57F-5ABD9991F28F}") = "jravan-keiba", "jravan-keiba\jravan-keiba.vbproj", "{602E5027-2A23-4E50-AEE2-ECD9E8C113CC}"
EndProject
Global
	GlobalSection(SolutionConfigurationPlatforms) = preSolution
		Debug|Any CPU = Debug|Any CPU
		Release|Any CPU = Release|Any CPU
	EndGlobalSection
	GlobalSection(ProjectConfigurationPlatforms) = postSolution
		{602E5027-2A23-4E50-AEE2-ECD9E8C113CC}.Debug|Any CPU.ActiveCfg = Debug|Any CPU
		{602E5027-2A23-4E50-AEE2-ECD9E8C113CC}.Debug|Any CPU.Build.0 = Debug|Any CPU
		{602E5027-2A23-4E50-AEE2-ECD9E8C113CC}.Release|Any CPU.ActiveCfg = Release|Any CPU
		{602E5027-2A23-4E50-AEE2-ECD9E8C113CC}.Release|Any CPU.Build.0 = Release|Any CPU
	EndGlobalSection
	GlobalSection(SolutionProperties) = preSolution
		HideSolutionNode = FALSE
	EndGlobalSection
	GlobalSection(ExtensibilityGlobals) = postSolution
		SolutionGuid = {ACC0C7BB-7D1F-4804-B852-1E1AF458E929}
	EndGlobalSection
EndGlobal
